
Microsoft Visual Studio Solution File, Format Version 12.00
# Visual Studio 15
VisualStudioVersion = 15.0.28307.572
MinimumVisualStudioVersion = 10.0.40219.1
Project("{159641D6-6404-4A2A-AE62-294DE0FE8301}") = "577week4", "577week4\577week4.dtproj", "{AE6FF153-476B-430F-9251-7C69DD5E38D9}"
EndProject
Global
	GlobalSection(SolutionConfigurationPlatforms) = preSolution
		Development|Default = Development|Default
	EndGlobalSection
	GlobalSection(ProjectConfigurationPlatforms) = postSolution
		{AE6FF153-476B-430F-9251-7C69DD5E38D9}.Development|Default.ActiveCfg = Development
		{AE6FF153-476B-430F-9251-7C69DD5E38D9}.Development|Default.Build.0 = Development
	EndGlobalSection
	GlobalSection(SolutionProperties) = preSolution
		HideSolutionNode = FALSE
	EndGlobalSection
	GlobalSection(ExtensibilityGlobals) = postSolution
		SolutionGuid = {9A9C33F9-980C-428D-8723-80101C04DE5B}
	EndGlobalSection
EndGlobal
